
Microsoft Visual Studio Solution File, Format Version 12.00
# Visual Studio Version 17
VisualStudioVersion = 17.10.34928.147
MinimumVisualStudioVersion = 10.0.40219.1
Project("{FAE04EC0-301F-11D3-BF4B-00C04F79EFBC}") = "OnlineCarRental", "OnlineCarRental\OnlineCarRental.csproj", "{AB55066A-D00B-4F71-B24F-C11C92E792D0}"
EndProject
Global
	GlobalSection(SolutionConfigurationPlatforms) = preSolution
		Debug|Any CPU = Debug|Any CPU
		Release|Any CPU = Release|Any CPU
	EndGlobalSection
	GlobalSection(ProjectConfigurationPlatforms) = postSolution
		{AB55066A-D00B-4F71-B24F-C11C92E792D0}.Debug|Any CPU.ActiveCfg = Debug|Any CPU
		{AB55066A-D00B-4F71-B24F-C11C92E792D0}.Debug|Any CPU.Build.0 = Debug|Any CPU
		{AB55066A-D00B-4F71-B24F-C11C92E792D0}.Release|Any CPU.ActiveCfg = Release|Any CPU
		{AB55066A-D00B-4F71-B24F-C11C92E792D0}.Release|Any CPU.Build.0 = Release|Any CPU
	EndGlobalSection
	GlobalSection(SolutionProperties) = preSolution
		HideSolutionNode = FALSE
	EndGlobalSection
	GlobalSection(ExtensibilityGlobals) = postSolution
		SolutionGuid = {E735FD74-65D3-4B90-BDA6-D986C61872F8}
	EndGlobalSection
EndGlobal
